{
    "name": "@lyre/fretboard",
    "version": "1.0.2",
    "lockfileVersion": 1,
    "requires": true,
    "dependencies": {
        "@attibee/config": {
            "version": "1.0.4",
            "resolved": "https://registry.npmjs.org/@attibee/config/-/config-1.0.4.tgz",
            "integrity": "sha512-mxCnyIKWJ9ad95utzF9Dw12nLjCXYpGfGxeympkFK5FzQYNck30U/4yx8dJzn4zwqky8Xygjj3A13tCX5tjdTQ=="
        },
        "@lyre/note": {
            "version": "0.1.0-alpha.0",
            "resolved": "https://registry.npmjs.org/@lyre/note/-/note-0.1.0-alpha.0.tgz",
            "integrity": "sha1-gVxS2W3U6eqNjl9b1RPi0aKN+wE="
        },
        "svgjs": {
            "version": "2.6.2",
            "resolved": "https://registry.npmjs.org/svgjs/-/svgjs-2.6.2.tgz",
            "integrity": "sha1-Ox6o+7VRSLsifsBXR/wr+JpGWr4="
        }
    }
}
